
Microsoft Visual Studio Solution File, Format Version 12.00
# Visual Studio Version 17
VisualStudioVersion = 17.8.34330.188
MinimumVisualStudioVersion = 10.0.40219.1
Project("{9A19103F-16F7-4668-BE54-9A1E7A4F7556}") = "CurrencyConverter.API", "CurrencyConverter.API\CurrencyConverter.API.csproj", "{DF248207-A835-4C4D-BE26-8B4EE2891D08}"
EndProject
Project("{9A19103F-16F7-4668-BE54-9A1E7A4F7556}") = "CurrencyConverter.Test", "CurrencyConverter.Test\CurrencyConverter.Test.csproj", "{7257E9C7-E38F-489F-B61B-A27EF6C43B49}"
EndProject
Project("{FAE04EC0-301F-11D3-BF4B-00C04F79EFBC}") = "CurrencyConverter.Application", "CurrencyConverter.Application\CurrencyConverter.Application.csproj", "{A8040C87-E134-44DF-AC61-2B03FA6BF9D4}"
EndProject
Project("{FAE04EC0-301F-11D3-BF4B-00C04F79EFBC}") = "CurrencyConverter.Domain", "CurrencyConverter.Domain\CurrencyConverter.Domain.csproj", "{46454397-6B3F-455E-AC0F-9C66796DABAB}"
EndProject
Project("{FAE04EC0-301F-11D3-BF4B-00C04F79EFBC}") = "CurrencyConverter.Infrastructure", "CurrencyConverter.Infrastructure\CurrencyConverter.Infrastructure.csproj", "{0ED65BC4-BD60-4A47-92D6-2E1833007346}"
EndProject
Global
	GlobalSection(SolutionConfigurationPlatforms) = preSolution
		Debug|Any CPU = Debug|Any CPU
		Release|Any CPU = Release|Any CPU
	EndGlobalSection
	GlobalSection(ProjectConfigurationPlatforms) = postSolution
		{DF248207-A835-4C4D-BE26-8B4EE2891D08}.Debug|Any CPU.ActiveCfg = Debug|Any CPU
		{DF248207-A835-4C4D-BE26-8B4EE2891D08}.Debug|Any CPU.Build.0 = Debug|Any CPU
		{DF248207-A835-4C4D-BE26-8B4EE2891D08}.Release|Any CPU.ActiveCfg = Release|Any CPU
		{DF248207-A835-4C4D-BE26-8B4EE2891D08}.Release|Any CPU.Build.0 = Release|Any CPU
		{7257E9C7-E38F-489F-B61B-A27EF6C43B49}.Debug|Any CPU.ActiveCfg = Debug|Any CPU
		{7257E9C7-E38F-489F-B61B-A27EF6C43B49}.Debug|Any CPU.Build.0 = Debug|Any CPU
		{7257E9C7-E38F-489F-B61B-A27EF6C43B49}.Release|Any CPU.ActiveCfg = Release|Any CPU
		{7257E9C7-E38F-489F-B61B-A27EF6C43B49}.Release|Any CPU.Build.0 = Release|Any CPU
		{A8040C87-E134-44DF-AC61-2B03FA6BF9D4}.Debug|Any CPU.ActiveCfg = Debug|Any CPU
		{A8040C87-E134-44DF-AC61-2B03FA6BF9D4}.Debug|Any CPU.Build.0 = Debug|Any CPU
		{A8040C87-E134-44DF-AC61-2B03FA6BF9D4}.Release|Any CPU.ActiveCfg = Release|Any CPU
		{A8040C87-E134-44DF-AC61-2B03FA6BF9D4}.Release|Any CPU.Build.0 = Release|Any CPU
		{46454397-6B3F-455E-AC0F-9C66796DABAB}.Debug|Any CPU.ActiveCfg = Debug|Any CPU
		{46454397-6B3F-455E-AC0F-9C66796DABAB}.Debug|Any CPU.Build.0 = Debug|Any CPU
		{46454397-6B3F-455E-AC0F-9C66796DABAB}.Release|Any CPU.ActiveCfg = Release|Any CPU
		{46454397-6B3F-455E-AC0F-9C66796DABAB}.Release|Any CPU.Build.0 = Release|Any CPU
		{0ED65BC4-BD60-4A47-92D6-2E1833007346}.Debug|Any CPU.ActiveCfg = Debug|Any CPU
		{0ED65BC4-BD60-4A47-92D6-2E1833007346}.Debug|Any CPU.Build.0 = Debug|Any CPU
		{0ED65BC4-BD60-4A47-92D6-2E1833007346}.Release|Any CPU.ActiveCfg = Release|Any CPU
		{0ED65BC4-BD60-4A47-92D6-2E1833007346}.Release|Any CPU.Build.0 = Release|Any CPU
	EndGlobalSection
	GlobalSection(SolutionProperties) = preSolution
		HideSolutionNode = FALSE
	EndGlobalSection
	GlobalSection(ExtensibilityGlobals) = postSolution
		SolutionGuid = {2822F8C2-F62B-4CAB-A8D0-34CF290F50D3}
	EndGlobalSection
EndGlobal
